// !$*UTF8*$!
{
	archiveVersion = 1;
	classes = {
	};
	objectVersion = 46;
	objects = {

/* Begin PBXBuildFile section */
		500C97A21CA49E470021FDAC /* ContactParser.m in Sources */ = {isa = PBXBuildFile; fileRef = 500C97A11CA49E470021FDAC /* ContactParser.m */; };
		500C97A51CA5607F0021FDAC /* SetMapper.m in Sources */ = {isa = PBXBuildFile; fileRef = 500C97A41CA5607F0021FDAC /* SetMapper.m */; };
		500C97A91CA5D2B10021FDAC /* FetchedResultsDataProvider.m in Sources */ = {isa = PBXBuildFile; fileRef = 500C97A81CA5D2B10021FDAC /* FetchedResultsDataProvider.m */; };
		500C97AF1CA5D9670021FDAC /* DataProviderUpdate.m in Sources */ = {isa = PBXBuildFile; fileRef = 500C97AE1CA5D9670021FDAC /* DataProviderUpdate.m */; };
		500C97B21CA5E29E0021FDAC /* InboxDataSource.m in Sources */ = {isa = PBXBuildFile; fileRef = 500C97B11CA5E29E0021FDAC /* InboxDataSource.m */; };
		500C97B81CA5ED310021FDAC /* InboxTableViewCell.m in Sources */ = {isa = PBXBuildFile; fileRef = 500C97B71CA5ED310021FDAC /* InboxTableViewCell.m */; };
		500C97BD1CA82DFB0021FDAC /* NSDate+Utils.m in Sources */ = {isa = PBXBuildFile; fileRef = 500C97BC1CA82DFB0021FDAC /* NSDate+Utils.m */; };
		500C97C01CA858040021FDAC /* MessageDetailViewController.m in Sources */ = {isa = PBXBuildFile; fileRef = 500C97BF1CA858040021FDAC /* MessageDetailViewController.m */; };
		500C97C31CA860180021FDAC /* MessageDetailTableViewCell.m in Sources */ = {isa = PBXBuildFile; fileRef = 500C97C21CA860180021FDAC /* MessageDetailTableViewCell.m */; };
		500C97CC1CA8619B0021FDAC /* MessageDetailHeaderView.m in Sources */ = {isa = PBXBuildFile; fileRef = 500C97CB1CA8619B0021FDAC /* MessageDetailHeaderView.m */; };
		500C97CF1CA861AA0021FDAC /* MessageDetailBottomView.m in Sources */ = {isa = PBXBuildFile; fileRef = 500C97CE1CA861AA0021FDAC /* MessageDetailBottomView.m */; };
		500C97D21CA863D60021FDAC /* SeparatorLine.m in Sources */ = {isa = PBXBuildFile; fileRef = 500C97D11CA863D60021FDAC /* SeparatorLine.m */; };
		500C97D51CA87DE40021FDAC /* MessageDetailAttachmentFooterView.m in Sources */ = {isa = PBXBuildFile; fileRef = 500C97D41CA87DE40021FDAC /* MessageDetailAttachmentFooterView.m */; };
		500C97D81CA880EE0021FDAC /* MessageDetailDataSource.m in Sources */ = {isa = PBXBuildFile; fileRef = 500C97D71CA880EE0021FDAC /* MessageDetailDataSource.m */; };
		500C97DE1CA891610021FDAC /* ImageCache.m in Sources */ = {isa = PBXBuildFile; fileRef = 500C97DD1CA891610021FDAC /* ImageCache.m */; };
		500C97E11CA891BC0021FDAC /* NSString+Crypto.m in Sources */ = {isa = PBXBuildFile; fileRef = 500C97E01CA891BC0021FDAC /* NSString+Crypto.m */; };
		504DB8331C9F119000A76D61 /* Mark+CoreDataProperties.m in Sources */ = {isa = PBXBuildFile; fileRef = 504DB8201C9F119000A76D61 /* Mark+CoreDataProperties.m */; };
		504DB8341C9F119000A76D61 /* Mark.m in Sources */ = {isa = PBXBuildFile; fileRef = 504DB8221C9F119000A76D61 /* Mark.m */; };
		504DB8351C9F119000A76D61 /* Group+CoreDataProperties.m in Sources */ = {isa = PBXBuildFile; fileRef = 504DB8241C9F119000A76D61 /* Group+CoreDataProperties.m */; };
		504DB8361C9F119000A76D61 /* Group.m in Sources */ = {isa = PBXBuildFile; fileRef = 504DB8261C9F119000A76D61 /* Group.m */; };
		504DB8391C9F119000A76D61 /* Contact+CoreDataProperties.m in Sources */ = {isa = PBXBuildFile; fileRef = 504DB82C1C9F119000A76D61 /* Contact+CoreDataProperties.m */; };
		504DB83A1C9F119000A76D61 /* Contact.m in Sources */ = {isa = PBXBuildFile; fileRef = 504DB82E1C9F119000A76D61 /* Contact.m */; };
		504DB83B1C9F119000A76D61 /* Message+CoreDataProperties.m in Sources */ = {isa = PBXBuildFile; fileRef = 504DB8301C9F119000A76D61 /* Message+CoreDataProperties.m */; };
		504DB83C1C9F119000A76D61 /* Message.m in Sources */ = {isa = PBXBuildFile; fileRef = 504DB8321C9F119000A76D61 /* Message.m */; };
		504DB8421C9FF70B00A76D61 /* APIClient.m in Sources */ = {isa = PBXBuildFile; fileRef = 504DB8411C9FF70B00A76D61 /* APIClient.m */; };
		504DB8471CA021FA00A76D61 /* MessageService.m in Sources */ = {isa = PBXBuildFile; fileRef = 504DB8461CA021FA00A76D61 /* MessageService.m */; };
		504DB84A1CA05B4400A76D61 /* InVisionJSONResponseSerializer.m in Sources */ = {isa = PBXBuildFile; fileRef = 504DB8491CA05B4400A76D61 /* InVisionJSONResponseSerializer.m */; };
		504DB84D1CA06C0E00A76D61 /* NSDictionary+Parsing.m in Sources */ = {isa = PBXBuildFile; fileRef = 504DB84C1CA06C0E00A76D61 /* NSDictionary+Parsing.m */; };
		504DB8501CA0812A00A76D61 /* NSManagedObject+CustomInit.m in Sources */ = {isa = PBXBuildFile; fileRef = 504DB84F1CA0812A00A76D61 /* NSManagedObject+CustomInit.m */; };
		504DB8541CA088B400A76D61 /* UIViewController+CoreDataStack.m in Sources */ = {isa = PBXBuildFile; fileRef = 504DB8531CA088B400A76D61 /* UIViewController+CoreDataStack.m */; };
		508391D31C98667E003514EF /* main.m in Sources */ = {isa = PBXBuildFile; fileRef = 508391D21C98667E003514EF /* main.m */; };
		508391D61C98667E003514EF /* AppDelegate.m in Sources */ = {isa = PBXBuildFile; fileRef = 508391D51C98667E003514EF /* AppDelegate.m */; };
		508391D91C98667E003514EF /* MailByInVision.xcdatamodeld in Sources */ = {isa = PBXBuildFile; fileRef = 508391D71C98667E003514EF /* MailByInVision.xcdatamodeld */; };
		508391E21C98667E003514EF /* Inbox.storyboard in Resources */ = {isa = PBXBuildFile; fileRef = 508391E01C98667E003514EF /* Inbox.storyboard */; };
		508391E41C98667E003514EF /* Assets.xcassets in Resources */ = {isa = PBXBuildFile; fileRef = 508391E31C98667E003514EF /* Assets.xcassets */; };
		508391E71C98667E003514EF /* LaunchScreen.storyboard in Resources */ = {isa = PBXBuildFile; fileRef = 508391E51C98667E003514EF /* LaunchScreen.storyboard */; };
		508391FB1C988E10003514EF /* CoreDataStack.m in Sources */ = {isa = PBXBuildFile; fileRef = 508391FA1C988E10003514EF /* CoreDataStack.m */; };
		508391FE1C998C47003514EF /* MainContainerViewController.m in Sources */ = {isa = PBXBuildFile; fileRef = 508391FD1C998C47003514EF /* MainContainerViewController.m */; };
		508392011C998D80003514EF /* InboxViewController.m in Sources */ = {isa = PBXBuildFile; fileRef = 508392001C998D80003514EF /* InboxViewController.m */; };
		508392041C998D8D003514EF /* MenuViewController.m in Sources */ = {isa = PBXBuildFile; fileRef = 508392031C998D8D003514EF /* MenuViewController.m */; };
		508392061C998F02003514EF /* Menu.storyboard in Resources */ = {isa = PBXBuildFile; fileRef = 508392051C998F02003514EF /* Menu.storyboard */; };
		5083920C1C999FD3003514EF /* ContentNavigationController.m in Sources */ = {isa = PBXBuildFile; fileRef = 5083920B1C999FD3003514EF /* ContentNavigationController.m */; };
		5083920E1C99A214003514EF /* Main.storyboard in Resources */ = {isa = PBXBuildFile; fileRef = 5083920D1C99A214003514EF /* Main.storyboard */; };
		50938CF21CA345E4009F6F51 /* Mapper.m in Sources */ = {isa = PBXBuildFile; fileRef = 50938CE11CA345E4009F6F51 /* Mapper.m */; };
		50938CF31CA345E4009F6F51 /* StringToNumberMapper.m in Sources */ = {isa = PBXBuildFile; fileRef = 50938CE31CA345E4009F6F51 /* StringToNumberMapper.m */; };
		50938CF41CA345E4009F6F51 /* ManagedObjectMapper.m in Sources */ = {isa = PBXBuildFile; fileRef = 50938CE51CA345E4009F6F51 /* ManagedObjectMapper.m */; };
		50938CF51CA345E4009F6F51 /* ArrayMapper.m in Sources */ = {isa = PBXBuildFile; fileRef = 50938CE71CA345E4009F6F51 /* ArrayMapper.m */; };
		50938CF61CA345E4009F6F51 /* ErrorIfMapper.m in Sources */ = {isa = PBXBuildFile; fileRef = 50938CE91CA345E4009F6F51 /* ErrorIfMapper.m */; };
		50938CF81CA345E4009F6F51 /* ChainMapper.m in Sources */ = {isa = PBXBuildFile; fileRef = 50938CED1CA345E4009F6F51 /* ChainMapper.m */; };
		50938CF91CA345E4009F6F51 /* OptionalMapper.m in Sources */ = {isa = PBXBuildFile; fileRef = 50938CEF1CA345E4009F6F51 /* OptionalMapper.m */; };
		50938CFF1CA35526009F6F51 /* MessageParser.m in Sources */ = {isa = PBXBuildFile; fileRef = 50938CFE1CA35526009F6F51 /* MessageParser.m */; };
		50938D071CA3D65E009F6F51 /* NSString+Emptiness.m in Sources */ = {isa = PBXBuildFile; fileRef = 50938D061CA3D65D009F6F51 /* NSString+Emptiness.m */; };
		50938D0A1CA3EA10009F6F51 /* NSManagedObject+SafeMapping.m in Sources */ = {isa = PBXBuildFile; fileRef = 50938D091CA3EA10009F6F51 /* NSManagedObject+SafeMapping.m */; };
		50AFC4741C9AB0A000434DCC /* CustomSplitController.m in Sources */ = {isa = PBXBuildFile; fileRef = 50AFC4731C9AB0A000434DCC /* CustomSplitController.m */; };
		50AFC4761C9AB2FA00434DCC /* Main_iPad.storyboard in Resources */ = {isa = PBXBuildFile; fileRef = 50AFC4751C9AB2FA00434DCC /* Main_iPad.storyboard */; };
		50AFC47A1C9ABD2A00434DCC /* UIColor+ApplicationSpecific.m in Sources */ = {isa = PBXBuildFile; fileRef = 50AFC4791C9ABD2A00434DCC /* UIColor+ApplicationSpecific.m */; };
		50AFC47E1C9ABDDB00434DCC /* UIColor+Hex.m in Sources */ = {isa = PBXBuildFile; fileRef = 50AFC47D1C9ABDDB00434DCC /* UIColor+Hex.m */; };
		50AFC4891C9AD48800434DCC /* MenuTableViewCell.m in Sources */ = {isa = PBXBuildFile; fileRef = 50AFC4881C9AD48800434DCC /* MenuTableViewCell.m */; };
		50AFC48D1C9AE65A00434DCC /* MenuDataSource.m in Sources */ = {isa = PBXBuildFile; fileRef = 50AFC48C1C9AE65A00434DCC /* MenuDataSource.m */; };
		50AFC49C1C9AEE3D00434DCC /* UITableViewCell+ReuseIdentifier.m in Sources */ = {isa = PBXBuildFile; fileRef = 50AFC49B1C9AEE3D00434DCC /* UITableViewCell+ReuseIdentifier.m */; };
		50AFC4A61C9B25D300434DCC /* MenuSectionHeaderView.m in Sources */ = {isa = PBXBuildFile; fileRef = 50AFC4A51C9B25D300434DCC /* MenuSectionHeaderView.m */; };
		50AFC4A91C9B279D00434DCC /* UITableViewHeaderFooterView+ReuseIdentifier.m in Sources */ = {isa = PBXBuildFile; fileRef = 50AFC4A81C9B279D00434DCC /* UITableViewHeaderFooterView+ReuseIdentifier.m */; };
		50AFC4AB1C9B309500434DCC /* MenuSectionHeaderView.xib in Resources */ = {isa = PBXBuildFile; fileRef = 50AFC4AA1C9B309500434DCC /* MenuSectionHeaderView.xib */; };
		50AFC4B31C9B659100434DCC /* UIImage+TemplateImage.m in Sources */ = {isa = PBXBuildFile; fileRef = 50AFC4B21C9B659100434DCC /* UIImage+TemplateImage.m */; };
		50AFC4B61C9B677500434DCC /* UIImageView+RoundedRectangle.m in Sources */ = {isa = PBXBuildFile; fileRef = 50AFC4B51C9B677500434DCC /* UIImageView+RoundedRectangle.m */; };
		50AFC4B91C9C0A9400434DCC /* UINavigationBar+CustomHeight.m in Sources */ = {isa = PBXBuildFile; fileRef = 50AFC4B81C9C0A9400434DCC /* UINavigationBar+CustomHeight.m */; };
		50AFC4BB1C9D460D00434DCC /* Other.storyboard in Resources */ = {isa = PBXBuildFile; fileRef = 50AFC4BA1C9D460D00434DCC /* Other.storyboard */; };
		50AFC4C11C9D51AB00434DCC /* WindowWithStatusBar.m in Sources */ = {isa = PBXBuildFile; fileRef = 50AFC4C01C9D51AB00434DCC /* WindowWithStatusBar.m */; };
		7353DBD66004D2AEAFD3CEC3 /* libPods-MailByInVision.a in Frameworks */ = {isa = PBXBuildFile; fileRef = FA9B7F2F150C1E1D7BBA0697 /* libPods-MailByInVision.a */; };
/* End PBXBuildFile section */

/* Begin PBXFileReference section */
		363B50377672AABB4FCC4A75 /* Pods-MailByInVision.debug.xcconfig */ = {isa = PBXFileReference; includeInIndex = 1; lastKnownFileType = text.xcconfig; name = "Pods-MailByInVision.debug.xcconfig"; path = "Pods/Target Support Files/Pods-MailByInVision/Pods-MailByInVision.debug.xcconfig"; sourceTree = "<group>"; };
		3CDCB3B9D0FABEAA90C07C31 /* Pods-MailByInVision.release.xcconfig */ = {isa = PBXFileReference; includeInIndex = 1; lastKnownFileType = text.xcconfig; name = "Pods-MailByInVision.release.xcconfig"; path = "Pods/Target Support Files/Pods-MailByInVision/Pods-MailByInVision.release.xcconfig"; sourceTree = "<group>"; };
		500C97A01CA49E470021FDAC /* ContactParser.h */ = {isa = PBXFileReference; fileEncoding = 4; lastKnownFileType = sourcecode.c.h; path = ContactParser.h; sourceTree = "<group>"; };
		500C97A11CA49E470021FDAC /* ContactParser.m */ = {isa = PBXFileReference; fileEncoding = 4; lastKnownFileType = sourcecode.c.objc; path = ContactParser.m; sourceTree = "<group>"; };
		500C97A31CA5607F0021FDAC /* SetMapper.h */ = {isa = PBXFileReference; fileEncoding = 4; lastKnownFileType = sourcecode.c.h; path = SetMapper.h; sourceTree = "<group>"; };
		500C97A41CA5607F0021FDAC /* SetMapper.m */ = {isa = PBXFileReference; fileEncoding = 4; lastKnownFileType = sourcecode.c.objc; path = SetMapper.m; sourceTree = "<group>"; };
		500C97A71CA5D2B10021FDAC /* FetchedResultsDataProvider.h */ = {isa = PBXFileReference; fileEncoding = 4; lastKnownFileType = sourcecode.c.h; path = FetchedResultsDataProvider.h; sourceTree = "<group>"; };
		500C97A81CA5D2B10021FDAC /* FetchedResultsDataProvider.m */ = {isa = PBXFileReference; fileEncoding = 4; lastKnownFileType = sourcecode.c.objc; path = FetchedResultsDataProvider.m; sourceTree = "<group>"; };
		500C97AD1CA5D9670021FDAC /* DataProviderUpdate.h */ = {isa = PBXFileReference; fileEncoding = 4; lastKnownFileType = sourcecode.c.h; path = DataProviderUpdate.h; sourceTree = "<group>"; };
		500C97AE1CA5D9670021FDAC /* DataProviderUpdate.m */ = {isa = PBXFileReference; fileEncoding = 4; lastKnownFileType = sourcecode.c.objc; path = DataProviderUpdate.m; sourceTree = "<group>"; };
		500C97B01CA5E29E0021FDAC /* InboxDataSource.h */ = {isa = PBXFileReference; fileEncoding = 4; lastKnownFileType = sourcecode.c.h; path = InboxDataSource.h; sourceTree = "<group>"; };
		500C97B11CA5E29E0021FDAC /* InboxDataSource.m */ = {isa = PBXFileReference; fileEncoding = 4; lastKnownFileType = sourcecode.c.objc; path = InboxDataSource.m; sourceTree = "<group>"; };
		500C97B31CA5E81F0021FDAC /* DataSourceDelegate.h */ = {isa = PBXFileReference; fileEncoding = 4; lastKnownFileType = sourcecode.c.h; path = DataSourceDelegate.h; sourceTree = "<group>"; };
		500C97B41CA5EAB30021FDAC /* ConfigurableCell.h */ = {isa = PBXFileReference; fileEncoding = 4; lastKnownFileType = sourcecode.c.h; path = ConfigurableCell.h; sourceTree = "<group>"; };
		500C97B51CA5EC110021FDAC /* DataProvider.h */ = {isa = PBXFileReference; fileEncoding = 4; lastKnownFileType = sourcecode.c.h; path = DataProvider.h; sourceTree = "<group>"; };
		500C97B61CA5ED310021FDAC /* InboxTableViewCell.h */ = {isa = PBXFileReference; fileEncoding = 4; lastKnownFileType = sourcecode.c.h; path = InboxTableViewCell.h; sourceTree = "<group>"; };
		500C97B71CA5ED310021FDAC /* InboxTableViewCell.m */ = {isa = PBXFileReference; fileEncoding = 4; lastKnownFileType = sourcecode.c.objc; path = InboxTableViewCell.m; sourceTree = "<group>"; };
		500C97BB1CA82DFB0021FDAC /* NSDate+Utils.h */ = {isa = PBXFileReference; fileEncoding = 4; lastKnownFileType = sourcecode.c.h; path = "NSDate+Utils.h"; sourceTree = "<group>"; };
		500C97BC1CA82DFB0021FDAC /* NSDate+Utils.m */ = {isa = PBXFileReference; fileEncoding = 4; lastKnownFileType = sourcecode.c.objc; path = "NSDate+Utils.m"; sourceTree = "<group>"; };
		500C97BE1CA858040021FDAC /* MessageDetailViewController.h */ = {isa = PBXFileReference; fileEncoding = 4; lastKnownFileType = sourcecode.c.h; path = MessageDetailViewController.h; sourceTree = "<group>"; };
		500C97BF1CA858040021FDAC /* MessageDetailViewController.m */ = {isa = PBXFileReference; fileEncoding = 4; lastKnownFileType = sourcecode.c.objc; path = MessageDetailViewController.m; sourceTree = "<group>"; };
		500C97C11CA860180021FDAC /* MessageDetailTableViewCell.h */ = {isa = PBXFileReference; fileEncoding = 4; lastKnownFileType = sourcecode.c.h; path = MessageDetailTableViewCell.h; sourceTree = "<group>"; };
		500C97C21CA860180021FDAC /* MessageDetailTableViewCell.m */ = {isa = PBXFileReference; fileEncoding = 4; lastKnownFileType = sourcecode.c.objc; path = MessageDetailTableViewCell.m; sourceTree = "<group>"; };
		500C97CA1CA8619B0021FDAC /* MessageDetailHeaderView.h */ = {isa = PBXFileReference; fileEncoding = 4; lastKnownFileType = sourcecode.c.h; path = MessageDetailHeaderView.h; sourceTree = "<group>"; };
		500C97CB1CA8619B0021FDAC /* MessageDetailHeaderView.m */ = {isa = PBXFileReference; fileEncoding = 4; lastKnownFileType = sourcecode.c.objc; path = MessageDetailHeaderView.m; sourceTree = "<group>"; };
		500C97CD1CA861AA0021FDAC /* MessageDetailBottomView.h */ = {isa = PBXFileReference; fileEncoding = 4; lastKnownFileType = sourcecode.c.h; path = MessageDetailBottomView.h; sourceTree = "<group>"; };
		500C97CE1CA861AA0021FDAC /* MessageDetailBottomView.m */ = {isa = PBXFileReference; fileEncoding = 4; lastKnownFileType = sourcecode.c.objc; path = MessageDetailBottomView.m; sourceTree = "<group>"; };
		500C97D01CA863D60021FDAC /* SeparatorLine.h */ = {isa = PBXFileReference; fileEncoding = 4; lastKnownFileType = sourcecode.c.h; path = SeparatorLine.h; sourceTree = "<group>"; };
		500C97D11CA863D60021FDAC /* SeparatorLine.m */ = {isa = PBXFileReference; fileEncoding = 4; lastKnownFileType = sourcecode.c.objc; path = SeparatorLine.m; sourceTree = "<group>"; };
		500C97D31CA87DE40021FDAC /* MessageDetailAttachmentFooterView.h */ = {isa = PBXFileReference; fileEncoding = 4; lastKnownFileType = sourcecode.c.h; path = MessageDetailAttachmentFooterView.h; sourceTree = "<group>"; };
		500C97D41CA87DE40021FDAC /* MessageDetailAttachmentFooterView.m */ = {isa = PBXFileReference; fileEncoding = 4; lastKnownFileType = sourcecode.c.objc; path = MessageDetailAttachmentFooterView.m; sourceTree = "<group>"; };
		500C97D61CA880EE0021FDAC /* MessageDetailDataSource.h */ = {isa = PBXFileReference; fileEncoding = 4; lastKnownFileType = sourcecode.c.h; path = MessageDetailDataSource.h; sourceTree = "<group>"; };
		500C97D71CA880EE0021FDAC /* MessageDetailDataSource.m */ = {isa = PBXFileReference; fileEncoding = 4; lastKnownFileType = sourcecode.c.objc; path = MessageDetailDataSource.m; sourceTree = "<group>"; };
		500C97DC1CA891610021FDAC /* ImageCache.h */ = {isa = PBXFileReference; fileEncoding = 4; lastKnownFileType = sourcecode.c.h; path = ImageCache.h; sourceTree = "<group>"; };
		500C97DD1CA891610021FDAC /* ImageCache.m */ = {isa = PBXFileReference; fileEncoding = 4; lastKnownFileType = sourcecode.c.objc; path = ImageCache.m; sourceTree = "<group>"; };
		500C97DF1CA891BC0021FDAC /* NSString+Crypto.h */ = {isa = PBXFileReference; fileEncoding = 4; lastKnownFileType = sourcecode.c.h; path = "NSString+Crypto.h"; sourceTree = "<group>"; };
		500C97E01CA891BC0021FDAC /* NSString+Crypto.m */ = {isa = PBXFileReference; fileEncoding = 4; lastKnownFileType = sourcecode.c.objc; path = "NSString+Crypto.m"; sourceTree = "<group>"; };
		504DB81F1C9F119000A76D61 /* Mark+CoreDataProperties.h */ = {isa = PBXFileReference; fileEncoding = 4; lastKnownFileType = sourcecode.c.h; path = "Mark+CoreDataProperties.h"; sourceTree = "<group>"; };
		504DB8201C9F119000A76D61 /* Mark+CoreDataProperties.m */ = {isa = PBXFileReference; fileEncoding = 4; lastKnownFileType = sourcecode.c.objc; path = "Mark+CoreDataProperties.m"; sourceTree = "<group>"; };
		504DB8211C9F119000A76D61 /* Mark.h */ = {isa = PBXFileReference; fileEncoding = 4; lastKnownFileType = sourcecode.c.h; path = Mark.h; sourceTree = "<group>"; };
		504DB8221C9F119000A76D61 /* Mark.m */ = {isa = PBXFileReference; fileEncoding = 4; lastKnownFileType = sourcecode.c.objc; path = Mark.m; sourceTree = "<group>"; };
		504DB8231C9F119000A76D61 /* Group+CoreDataProperties.h */ = {isa = PBXFileReference; fileEncoding = 4; lastKnownFileType = sourcecode.c.h; path = "Group+CoreDataProperties.h"; sourceTree = "<group>"; };
		504DB8241C9F119000A76D61 /* Group+CoreDataProperties.m */ = {isa = PBXFileReference; fileEncoding = 4; lastKnownFileType = sourcecode.c.objc; path = "Group+CoreDataProperties.m"; sourceTree = "<group>"; };
		504DB8251C9F119000A76D61 /* Group.h */ = {isa = PBXFileReference; fileEncoding = 4; lastKnownFileType = sourcecode.c.h; path = Group.h; sourceTree = "<group>"; };
		504DB8261C9F119000A76D61 /* Group.m */ = {isa = PBXFileReference; fileEncoding = 4; lastKnownFileType = sourcecode.c.objc; path = Group.m; sourceTree = "<group>"; };
		504DB82B1C9F119000A76D61 /* Contact+CoreDataProperties.h */ = {isa = PBXFileReference; fileEncoding = 4; lastKnownFileType = sourcecode.c.h; path = "Contact+CoreDataProperties.h"; sourceTree = "<group>"; };
		504DB82C1C9F119000A76D61 /* Contact+CoreDataProperties.m */ = {isa = PBXFileReference; fileEncoding = 4; lastKnownFileType = sourcecode.c.objc; path = "Contact+CoreDataProperties.m"; sourceTree = "<group>"; };
		504DB82D1C9F119000A76D61 /* Contact.h */ = {isa = PBXFileReference; fileEncoding = 4; lastKnownFileType = sourcecode.c.h; path = Contact.h; sourceTree = "<group>"; };
		504DB82E1C9F119000A76D61 /* Contact.m */ = {isa = PBXFileReference; fileEncoding = 4; lastKnownFileType = sourcecode.c.objc; path = Contact.m; sourceTree = "<group>"; };
		504DB82F1C9F119000A76D61 /* Message+CoreDataProperties.h */ = {isa = PBXFileReference; fileEncoding = 4; lastKnownFileType = sourcecode.c.h; path = "Message+CoreDataProperties.h"; sourceTree = "<group>"; };
		504DB8301C9F119000A76D61 /* Message+CoreDataProperties.m */ = {isa = PBXFileReference; fileEncoding = 4; lastKnownFileType = sourcecode.c.objc; path = "Message+CoreDataProperties.m"; sourceTree = "<group>"; };
		504DB8311C9F119000A76D61 /* Message.h */ = {isa = PBXFileReference; fileEncoding = 4; lastKnownFileType = sourcecode.c.h; path = Message.h; sourceTree = "<group>"; };
		504DB8321C9F119000A76D61 /* Message.m */ = {isa = PBXFileReference; fileEncoding = 4; lastKnownFileType = sourcecode.c.objc; path = Message.m; sourceTree = "<group>"; };
		504DB8401C9FF70B00A76D61 /* APIClient.h */ = {isa = PBXFileReference; fileEncoding = 4; lastKnownFileType = sourcecode.c.h; path = APIClient.h; sourceTree = "<group>"; };
		504DB8411C9FF70B00A76D61 /* APIClient.m */ = {isa = PBXFileReference; fileEncoding = 4; lastKnownFileType = sourcecode.c.objc; path = APIClient.m; sourceTree = "<group>"; };
		504DB8451CA021FA00A76D61 /* MessageService.h */ = {isa = PBXFileReference; fileEncoding = 4; lastKnownFileType = sourcecode.c.h; path = MessageService.h; sourceTree = "<group>"; };
		504DB8461CA021FA00A76D61 /* MessageService.m */ = {isa = PBXFileReference; fileEncoding = 4; lastKnownFileType = sourcecode.c.objc; path = MessageService.m; sourceTree = "<group>"; };
		504DB8481CA05B4400A76D61 /* InVisionJSONResponseSerializer.h */ = {isa = PBXFileReference; fileEncoding = 4; lastKnownFileType = sourcecode.c.h; path = InVisionJSONResponseSerializer.h; sourceTree = "<group>"; };
		504DB8491CA05B4400A76D61 /* InVisionJSONResponseSerializer.m */ = {isa = PBXFileReference; fileEncoding = 4; lastKnownFileType = sourcecode.c.objc; path = InVisionJSONResponseSerializer.m; sourceTree = "<group>"; };
		504DB84B1CA06C0E00A76D61 /* NSDictionary+Parsing.h */ = {isa = PBXFileReference; fileEncoding = 4; lastKnownFileType = sourcecode.c.h; path = "NSDictionary+Parsing.h"; sourceTree = "<group>"; };
		504DB84C1CA06C0E00A76D61 /* NSDictionary+Parsing.m */ = {isa = PBXFileReference; fileEncoding = 4; lastKnownFileType = sourcecode.c.objc; path = "NSDictionary+Parsing.m"; sourceTree = "<group>"; };
		504DB84E1CA0812A00A76D61 /* NSManagedObject+CustomInit.h */ = {isa = PBXFileReference; fileEncoding = 4; lastKnownFileType = sourcecode.c.h; path = "NSManagedObject+CustomInit.h"; sourceTree = "<group>"; };
		504DB84F1CA0812A00A76D61 /* NSManagedObject+CustomInit.m */ = {isa = PBXFileReference; fileEncoding = 4; lastKnownFileType = sourcecode.c.objc; path = "NSManagedObject+CustomInit.m"; sourceTree = "<group>"; };
		504DB8521CA088B400A76D61 /* UIViewController+CoreDataStack.h */ = {isa = PBXFileReference; fileEncoding = 4; lastKnownFileType = sourcecode.c.h; path = "UIViewController+CoreDataStack.h"; sourceTree = "<group>"; };
		504DB8531CA088B400A76D61 /* UIViewController+CoreDataStack.m */ = {isa = PBXFileReference; fileEncoding = 4; lastKnownFileType = sourcecode.c.objc; path = "UIViewController+CoreDataStack.m"; sourceTree = "<group>"; };
		508391CE1C98667E003514EF /* MailByInVision.app */ = {isa = PBXFileReference; explicitFileType = wrapper.application; includeInIndex = 0; path = MailByInVision.app; sourceTree = BUILT_PRODUCTS_DIR; };
		508391D21C98667E003514EF /* main.m */ = {isa = PBXFileReference; lastKnownFileType = sourcecode.c.objc; path = main.m; sourceTree = "<group>"; };
		508391D41C98667E003514EF /* AppDelegate.h */ = {isa = PBXFileReference; lastKnownFileType = sourcecode.c.h; path = AppDelegate.h; sourceTree = "<group>"; };
		508391D51C98667E003514EF /* AppDelegate.m */ = {isa = PBXFileReference; lastKnownFileType = sourcecode.c.objc; path = AppDelegate.m; sourceTree = "<group>"; };
		508391D81C98667E003514EF /* MailByInVision.xcdatamodel */ = {isa = PBXFileReference; lastKnownFileType = wrapper.xcdatamodel; path = MailByInVision.xcdatamodel; sourceTree = "<group>"; };
		508391E11C98667E003514EF /* Base */ = {isa = PBXFileReference; lastKnownFileType = file.storyboard; name = Base; path = Base.lproj/Inbox.storyboard; sourceTree = "<group>"; };
		508391E31C98667E003514EF /* Assets.xcassets */ = {isa = PBXFileReference; lastKnownFileType = folder.assetcatalog; path = Assets.xcassets; sourceTree = "<group>"; };
		508391E61C98667E003514EF /* Base */ = {isa = PBXFileReference; lastKnownFileType = file.storyboard; name = Base; path = Base.lproj/LaunchScreen.storyboard; sourceTree = "<group>"; };
		508391E81C98667E003514EF /* Info.plist */ = {isa = PBXFileReference; lastKnownFileType = text.plist.xml; path = Info.plist; sourceTree = "<group>"; };
		508391F91C988E10003514EF /* CoreDataStack.h */ = {isa = PBXFileReference; fileEncoding = 4; lastKnownFileType = sourcecode.c.h; path = CoreDataStack.h; sourceTree = "<group>"; };
		508391FA1C988E10003514EF /* CoreDataStack.m */ = {isa = PBXFileReference; fileEncoding = 4; lastKnownFileType = sourcecode.c.objc; path = CoreDataStack.m; sourceTree = "<group>"; };
		508391FC1C998C47003514EF /* MainContainerViewController.h */ = {isa = PBXFileReference; fileEncoding = 4; lastKnownFileType = sourcecode.c.h; path = MainContainerViewController.h; sourceTree = "<group>"; };
		508391FD1C998C47003514EF /* MainContainerViewController.m */ = {isa = PBXFileReference; fileEncoding = 4; lastKnownFileType = sourcecode.c.objc; path = MainContainerViewController.m; sourceTree = "<group>"; };
		508391FF1C998D80003514EF /* InboxViewController.h */ = {isa = PBXFileReference; fileEncoding = 4; lastKnownFileType = sourcecode.c.h; path = InboxViewController.h; sourceTree = "<group>"; };
		508392001C998D80003514EF /* InboxViewController.m */ = {isa = PBXFileReference; fileEncoding = 4; lastKnownFileType = sourcecode.c.objc; path = InboxViewController.m; sourceTree = "<group>"; };
		508392021C998D8D003514EF /* MenuViewController.h */ = {isa = PBXFileReference; fileEncoding = 4; lastKnownFileType = sourcecode.c.h; path = MenuViewController.h; sourceTree = "<group>"; };
		508392031C998D8D003514EF /* MenuViewController.m */ = {isa = PBXFileReference; fileEncoding = 4; lastKnownFileType = sourcecode.c.objc; path = MenuViewController.m; sourceTree = "<group>"; };
		508392051C998F02003514EF /* Menu.storyboard */ = {isa = PBXFileReference; fileEncoding = 4; lastKnownFileType = file.storyboard; path = Menu.storyboard; sourceTree = "<group>"; };
		5083920A1C999FD3003514EF /* ContentNavigationController.h */ = {isa = PBXFileReference; fileEncoding = 4; lastKnownFileType = sourcecode.c.h; path = ContentNavigationController.h; sourceTree = "<group>"; };
		5083920B1C999FD3003514EF /* ContentNavigationController.m */ = {isa = PBXFileReference; fileEncoding = 4; lastKnownFileType = sourcecode.c.objc; path = ContentNavigationController.m; sourceTree = "<group>"; };
		5083920D1C99A214003514EF /* Main.storyboard */ = {isa = PBXFileReference; fileEncoding = 4; lastKnownFileType = file.storyboard; path = Main.storyboard; sourceTree = "<group>"; };
		50938CE01CA345E4009F6F51 /* Mapper.h */ = {isa = PBXFileReference; fileEncoding = 4; lastKnownFileType = sourcecode.c.h; path = Mapper.h; sourceTree = "<group>"; };
		50938CE11CA345E4009F6F51 /* Mapper.m */ = {isa = PBXFileReference; fileEncoding = 4; lastKnownFileType = sourcecode.c.objc; path = Mapper.m; sourceTree = "<group>"; };
		50938CE21CA345E4009F6F51 /* StringToNumberMapper.h */ = {isa = PBXFileReference; fileEncoding = 4; lastKnownFileType = sourcecode.c.h; path = StringToNumberMapper.h; sourceTree = "<group>"; };
		50938CE31CA345E4009F6F51 /* StringToNumberMapper.m */ = {isa = PBXFileReference; fileEncoding = 4; lastKnownFileType = sourcecode.c.objc; path = StringToNumberMapper.m; sourceTree = "<group>"; };
		50938CE41CA345E4009F6F51 /* ManagedObjectMapper.h */ = {isa = PBXFileReference; fileEncoding = 4; lastKnownFileType = sourcecode.c.h; path = ManagedObjectMapper.h; sourceTree = "<group>"; };
		50938CE51CA345E4009F6F51 /* ManagedObjectMapper.m */ = {isa = PBXFileReference; fileEncoding = 4; lastKnownFileType = sourcecode.c.objc; path = ManagedObjectMapper.m; sourceTree = "<group>"; };
		50938CE61CA345E4009F6F51 /* ArrayMapper.h */ = {isa = PBXFileReference; fileEncoding = 4; lastKnownFileType = sourcecode.c.h; path = ArrayMapper.h; sourceTree = "<group>"; };
		50938CE71CA345E4009F6F51 /* ArrayMapper.m */ = {isa = PBXFileReference; fileEncoding = 4; lastKnownFileType = sourcecode.c.objc; path = ArrayMapper.m; sourceTree = "<group>"; };
		50938CE81CA345E4009F6F51 /* ErrorIfMapper.h */ = {isa = PBXFileReference; fileEncoding = 4; lastKnownFileType = sourcecode.c.h; path = ErrorIfMapper.h; sourceTree = "<group>"; };
		50938CE91CA345E4009F6F51 /* ErrorIfMapper.m */ = {isa = PBXFileReference; fileEncoding = 4; lastKnownFileType = sourcecode.c.objc; path = ErrorIfMapper.m; sourceTree = "<group>"; };
		50938CEC1CA345E4009F6F51 /* ChainMapper.h */ = {isa = PBXFileReference; fileEncoding = 4; lastKnownFileType = sourcecode.c.h; path = ChainMapper.h; sourceTree = "<group>"; };
		50938CED1CA345E4009F6F51 /* ChainMapper.m */ = {isa = PBXFileReference; fileEncoding = 4; lastKnownFileType = sourcecode.c.objc; path = ChainMapper.m; sourceTree = "<group>"; };
		50938CEE1CA345E4009F6F51 /* OptionalMapper.h */ = {isa = PBXFileReference; fileEncoding = 4; lastKnownFileType = sourcecode.c.h; path = OptionalMapper.h; sourceTree = "<group>"; };
		50938CEF1CA345E4009F6F51 /* OptionalMapper.m */ = {isa = PBXFileReference; fileEncoding = 4; lastKnownFileType = sourcecode.c.objc; path = OptionalMapper.m; sourceTree = "<group>"; };
		50938CFD1CA35526009F6F51 /* MessageParser.h */ = {isa = PBXFileReference; fileEncoding = 4; lastKnownFileType = sourcecode.c.h; path = MessageParser.h; sourceTree = "<group>"; };
		50938CFE1CA35526009F6F51 /* MessageParser.m */ = {isa = PBXFileReference; fileEncoding = 4; lastKnownFileType = sourcecode.c.objc; path = MessageParser.m; sourceTree = "<group>"; };
		50938D051CA3D65D009F6F51 /* NSString+Emptiness.h */ = {isa = PBXFileReference; fileEncoding = 4; lastKnownFileType = sourcecode.c.h; path = "NSString+Emptiness.h"; sourceTree = "<group>"; };
		50938D061CA3D65D009F6F51 /* NSString+Emptiness.m */ = {isa = PBXFileReference; fileEncoding = 4; lastKnownFileType = sourcecode.c.objc; path = "NSString+Emptiness.m"; sourceTree = "<group>"; };
		50938D081CA3EA10009F6F51 /* NSManagedObject+SafeMapping.h */ = {isa = PBXFileReference; fileEncoding = 4; lastKnownFileType = sourcecode.c.h; path = "NSManagedObject+SafeMapping.h"; sourceTree = "<group>"; };
		50938D091CA3EA10009F6F51 /* NSManagedObject+SafeMapping.m */ = {isa = PBXFileReference; fileEncoding = 4; lastKnownFileType = sourcecode.c.objc; path = "NSManagedObject+SafeMapping.m"; sourceTree = "<group>"; };
		50AFC4711C9AADCE00434DCC /* MailByInVision-Prefix.pch */ = {isa = PBXFileReference; lastKnownFileType = sourcecode.c.h; path = "MailByInVision-Prefix.pch"; sourceTree = "<group>"; };
		50AFC4721C9AB0A000434DCC /* CustomSplitController.h */ = {isa = PBXFileReference; fileEncoding = 4; lastKnownFileType = sourcecode.c.h; path = CustomSplitController.h; sourceTree = "<group>"; };
		50AFC4731C9AB0A000434DCC /* CustomSplitController.m */ = {isa = PBXFileReference; fileEncoding = 4; lastKnownFileType = sourcecode.c.objc; path = CustomSplitController.m; sourceTree = "<group>"; };
		50AFC4751C9AB2FA00434DCC /* Main_iPad.storyboard */ = {isa = PBXFileReference; fileEncoding = 4; lastKnownFileType = file.storyboard; path = Main_iPad.storyboard; sourceTree = "<group>"; };
		50AFC4781C9ABD2A00434DCC /* UIColor+ApplicationSpecific.h */ = {isa = PBXFileReference; fileEncoding = 4; lastKnownFileType = sourcecode.c.h; path = "UIColor+ApplicationSpecific.h"; sourceTree = "<group>"; };
		50AFC4791C9ABD2A00434DCC /* UIColor+ApplicationSpecific.m */ = {isa = PBXFileReference; fileEncoding = 4; lastKnownFileType = sourcecode.c.objc; path = "UIColor+ApplicationSpecific.m"; sourceTree = "<group>"; };
		50AFC47C1C9ABDDB00434DCC /* UIColor+Hex.h */ = {isa = PBXFileReference; fileEncoding = 4; lastKnownFileType = sourcecode.c.h; path = "UIColor+Hex.h"; sourceTree = "<group>"; };
		50AFC47D1C9ABDDB00434DCC /* UIColor+Hex.m */ = {isa = PBXFileReference; fileEncoding = 4; lastKnownFileType = sourcecode.c.objc; path = "UIColor+Hex.m"; sourceTree = "<group>"; };
		50AFC4871C9AD48800434DCC /* MenuTableViewCell.h */ = {isa = PBXFileReference; fileEncoding = 4; lastKnownFileType = sourcecode.c.h; path = MenuTableViewCell.h; sourceTree = "<group>"; };
		50AFC4881C9AD48800434DCC /* MenuTableViewCell.m */ = {isa = PBXFileReference; fileEncoding = 4; lastKnownFileType = sourcecode.c.objc; path = MenuTableViewCell.m; sourceTree = "<group>"; };
		50AFC48B1C9AE65A00434DCC /* MenuDataSource.h */ = {isa = PBXFileReference; fileEncoding = 4; lastKnownFileType = sourcecode.c.h; path = MenuDataSource.h; sourceTree = "<group>"; };
		50AFC48C1C9AE65A00434DCC /* MenuDataSource.m */ = {isa = PBXFileReference; fileEncoding = 4; lastKnownFileType = sourcecode.c.objc; path = MenuDataSource.m; sourceTree = "<group>"; };
		50AFC49A1C9AEE3D00434DCC /* UITableViewCell+ReuseIdentifier.h */ = {isa = PBXFileReference; fileEncoding = 4; lastKnownFileType = sourcecode.c.h; path = "UITableViewCell+ReuseIdentifier.h"; sourceTree = "<group>"; };
		50AFC49B1C9AEE3D00434DCC /* UITableViewCell+ReuseIdentifier.m */ = {isa = PBXFileReference; fileEncoding = 4; lastKnownFileType = sourcecode.c.objc; path = "UITableViewCell+ReuseIdentifier.m"; sourceTree = "<group>"; };
		50AFC4A41C9B25D300434DCC /* MenuSectionHeaderView.h */ = {isa = PBXFileReference; fileEncoding = 4; lastKnownFileType = sourcecode.c.h; path = MenuSectionHeaderView.h; sourceTree = "<group>"; };
		50AFC4A51C9B25D300434DCC /* MenuSectionHeaderView.m */ = {isa = PBXFileReference; fileEncoding = 4; lastKnownFileType = sourcecode.c.objc; path = MenuSectionHeaderView.m; sourceTree = "<group>"; };
		50AFC4A71C9B279D00434DCC /* UITableViewHeaderFooterView+ReuseIdentifier.h */ = {isa = PBXFileReference; fileEncoding = 4; lastKnownFileType = sourcecode.c.h; path = "UITableViewHeaderFooterView+ReuseIdentifier.h"; sourceTree = "<group>"; };
		50AFC4A81C9B279D00434DCC /* UITableViewHeaderFooterView+ReuseIdentifier.m */ = {isa = PBXFileReference; fileEncoding = 4; lastKnownFileType = sourcecode.c.objc; path = "UITableViewHeaderFooterView+ReuseIdentifier.m"; sourceTree = "<group>"; };
		50AFC4AA1C9B309500434DCC /* MenuSectionHeaderView.xib */ = {isa = PBXFileReference; fileEncoding = 4; lastKnownFileType = file.xib; path = MenuSectionHeaderView.xib; sourceTree = "<group>"; };
		50AFC4B11C9B659100434DCC /* UIImage+TemplateImage.h */ = {isa = PBXFileReference; fileEncoding = 4; lastKnownFileType = sourcecode.c.h; path = "UIImage+TemplateImage.h"; sourceTree = "<group>"; };
		50AFC4B21C9B659100434DCC /* UIImage+TemplateImage.m */ = {isa = PBXFileReference; fileEncoding = 4; lastKnownFileType = sourcecode.c.objc; path = "UIImage+TemplateImage.m"; sourceTree = "<group>"; };
		50AFC4B41C9B677500434DCC /* UIImageView+RoundedRectangle.h */ = {isa = PBXFileReference; fileEncoding = 4; lastKnownFileType = sourcecode.c.h; path = "UIImageView+RoundedRectangle.h"; sourceTree = "<group>"; };
		50AFC4B51C9B677500434DCC /* UIImageView+RoundedRectangle.m */ = {isa = PBXFileReference; fileEncoding = 4; lastKnownFileType = sourcecode.c.objc; path = "UIImageView+RoundedRectangle.m"; sourceTree = "<group>"; };
		50AFC4B71C9C0A9400434DCC /* UINavigationBar+CustomHeight.h */ = {isa = PBXFileReference; fileEncoding = 4; lastKnownFileType = sourcecode.c.h; path = "UINavigationBar+CustomHeight.h"; sourceTree = "<group>"; };
		50AFC4B81C9C0A9400434DCC /* UINavigationBar+CustomHeight.m */ = {isa = PBXFileReference; fileEncoding = 4; lastKnownFileType = sourcecode.c.objc; path = "UINavigationBar+CustomHeight.m"; sourceTree = "<group>"; };
		50AFC4BA1C9D460D00434DCC /* Other.storyboard */ = {isa = PBXFileReference; fileEncoding = 4; lastKnownFileType = file.storyboard; path = Other.storyboard; sourceTree = "<group>"; };
		50AFC4BF1C9D51AB00434DCC /* WindowWithStatusBar.h */ = {isa = PBXFileReference; fileEncoding = 4; lastKnownFileType = sourcecode.c.h; path = WindowWithStatusBar.h; sourceTree = "<group>"; };
		50AFC4C01C9D51AB00434DCC /* WindowWithStatusBar.m */ = {isa = PBXFileReference; fileEncoding = 4; lastKnownFileType = sourcecode.c.objc; path = WindowWithStatusBar.m; sourceTree = "<group>"; };
		FA9B7F2F150C1E1D7BBA0697 /* libPods-MailByInVision.a */ = {isa = PBXFileReference; explicitFileType = archive.ar; includeInIndex = 0; path = "libPods-MailByInVision.a"; sourceTree = BUILT_PRODUCTS_DIR; };
/* End PBXFileReference section */

/* Begin PBXFrameworksBuildPhase section */
		508391CB1C98667E003514EF /* Frameworks */ = {
			isa = PBXFrameworksBuildPhase;
			buildActionMask = 2147483647;
			files = (
				7353DBD66004D2AEAFD3CEC3 /* libPods-MailByInVision.a in Frameworks */,
			);
			runOnlyForDeploymentPostprocessing = 0;
		};
/* End PBXFrameworksBuildPhase section */

/* Begin PBXGroup section */
		3D3B1DB5D136F948515F9D9C /* Pods */ = {
			isa = PBXGroup;
			children = (
				363B50377672AABB4FCC4A75 /* Pods-MailByInVision.debug.xcconfig */,
				3CDCB3B9D0FABEAA90C07C31 /* Pods-MailByInVision.release.xcconfig */,
			);
			name = Pods;
			sourceTree = "<group>";
		};
		500C97A61CA5D2960021FDAC /* Date Source & Provider */ = {
			isa = PBXGroup;
			children = (
				500C97B51CA5EC110021FDAC /* DataProvider.h */,
				500C97AD1CA5D9670021FDAC /* DataProviderUpdate.h */,
				500C97AE1CA5D9670021FDAC /* DataProviderUpdate.m */,
				500C97B31CA5E81F0021FDAC /* DataSourceDelegate.h */,
				500C97A71CA5D2B10021FDAC /* FetchedResultsDataProvider.h */,
				500C97A81CA5D2B10021FDAC /* FetchedResultsDataProvider.m */,
			);
			path = "Date Source & Provider";
			sourceTree = "<group>";
		};
		500C97D91CA8911E0021FDAC /* Utility */ = {
			isa = PBXGroup;
			children = (
				500C97DB1CA891460021FDAC /* Image Cache */,
				508391F81C988DF5003514EF /* Core Data */,
			);
			name = Utility;
			sourceTree = "<group>";
		};
		500C97DB1CA891460021FDAC /* Image Cache */ = {
			isa = PBXGroup;
			children = (
				500C97DC1CA891610021FDAC /* ImageCache.h */,
				500C97DD1CA891610021FDAC /* ImageCache.m */,
			);
			name = "Image Cache";
			sourceTree = "<group>";
		};
		508391C51C98667D003514EF = {
			isa = PBXGroup;
			children = (
				508391D01C98667E003514EF /* MailByInVision */,
				A9BB965F1C7C32D7C18BD6BD /* Frameworks */,
				3D3B1DB5D136F948515F9D9C /* Pods */,
				508391CF1C98667E003514EF /* Products */,
			);
			sourceTree = "<group>";
		};
		508391CF1C98667E003514EF /* Products */ = {
			isa = PBXGroup;
			children = (
				508391CE1C98667E003514EF /* MailByInVision.app */,
			);
			name = Products;
			sourceTree = "<group>";
		};
		508391D01C98667E003514EF /* MailByInVision */ = {
			isa = PBXGroup;
			children = (
				500C97D91CA8911E0021FDAC /* Utility */,
				50AFC4771C9ABCFE00434DCC /* Appearance */,
				50AFC47B1C9ABDC800434DCC /* Categories */,
				508391F31C988146003514EF /* Network Service */,
				508391F01C98812E003514EF /* Model */,
				508391F21C98813A003514EF /* View */,
				508391F11C988132003514EF /* Controller */,
				508391F41C988157003514EF /* Resources */,
				508391D11C98667E003514EF /* Supporting Files */,
				508391D41C98667E003514EF /* AppDelegate.h */,
				508391D51C98667E003514EF /* AppDelegate.m */,
			);
			path = MailByInVision;
			sourceTree = "<group>";
		};
		508391D11C98667E003514EF /* Supporting Files */ = {
			isa = PBXGroup;
			children = (
				508391E81C98667E003514EF /* Info.plist */,
				50AFC4711C9AADCE00434DCC /* MailByInVision-Prefix.pch */,
				508391D21C98667E003514EF /* main.m */,
			);
			path = "Supporting Files";
			sourceTree = "<group>";
		};
		508391F01C98812E003514EF /* Model */ = {
			isa = PBXGroup;
			children = (
				508391F71C988221003514EF /* Data Model */,
				50AFC4E01C9EFC9900434DCC /* Entity */,
			);
			path = Model;
			sourceTree = "<group>";
		};
		508391F11C988132003514EF /* Controller */ = {
			isa = PBXGroup;
			children = (
				50AFC4911C9AE6A400434DCC /* Container */,
				500C97A61CA5D2960021FDAC /* Date Source & Provider */,
				50AFC48F1C9AE66D00434DCC /* Inbox */,
				50AFC48E1C9AE66800434DCC /* Menu */,
			);
			path = Controller;
			sourceTree = "<group>";
		};
		508391F21C98813A003514EF /* View */ = {
			isa = PBXGroup;
			children = (
				50AFC4801C9AD41F00434DCC /* Cell */,
				50AFC49D1C9B242F00434DCC /* Header */,
				500C97B41CA5EAB30021FDAC /* ConfigurableCell.h */,
				50AFC4BF1C9D51AB00434DCC /* WindowWithStatusBar.h */,
				50AFC4C01C9D51AB00434DCC /* WindowWithStatusBar.m */,
				500C97D01CA863D60021FDAC /* SeparatorLine.h */,
				500C97D11CA863D60021FDAC /* SeparatorLine.m */,
			);
			path = View;
			sourceTree = "<group>";
		};
		508391F31C988146003514EF /* Network Service */ = {
			isa = PBXGroup;
			children = (
				50938D001CA35563009F6F51 /* API */,
				50938CDF1CA331E3009F6F51 /* Parser */,
			);
			path = "Network Service";
			sourceTree = "<group>";
		};
		508391F41C988157003514EF /* Resources */ = {
			isa = PBXGroup;
			children = (
				508391F61C98820F003514EF /* Storyboards */,
				508391E31C98667E003514EF /* Assets.xcassets */,
			);
			path = Resources;
			sourceTree = "<group>";
		};
		508391F61C98820F003514EF /* Storyboards */ = {
			isa = PBXGroup;
			children = (
				508391E01C98667E003514EF /* Inbox.storyboard */,
				508391E51C98667E003514EF /* LaunchScreen.storyboard */,
				5083920D1C99A214003514EF /* Main.storyboard */,
				50AFC4751C9AB2FA00434DCC /* Main_iPad.storyboard */,
				508392051C998F02003514EF /* Menu.storyboard */,
				50AFC4BA1C9D460D00434DCC /* Other.storyboard */,
			);
			path = Storyboards;
			sourceTree = "<group>";
		};
		508391F71C988221003514EF /* Data Model */ = {
			isa = PBXGroup;
			children = (
				508391D71C98667E003514EF /* MailByInVision.xcdatamodeld */,
			);
			path = "Data Model";
			sourceTree = "<group>";
		};
		508391F81C988DF5003514EF /* Core Data */ = {
			isa = PBXGroup;
			children = (
				508391F91C988E10003514EF /* CoreDataStack.h */,
				508391FA1C988E10003514EF /* CoreDataStack.m */,
			);
			path = "Core Data";
			sourceTree = "<group>";
		};
		50938CDF1CA331E3009F6F51 /* Parser */ = {
			isa = PBXGroup;
			children = (
				50938CFC1CA35508009F6F51 /* Domain Specific */,
				50938CFB1CA354E2009F6F51 /* Generic */,
			);
			path = Parser;
			sourceTree = "<group>";
		};
		50938CFB1CA354E2009F6F51 /* Generic */ = {
			isa = PBXGroup;
			children = (
				50938CE61CA345E4009F6F51 /* ArrayMapper.h */,
				50938CE71CA345E4009F6F51 /* ArrayMapper.m */,
				50938CEC1CA345E4009F6F51 /* ChainMapper.h */,
				50938CED1CA345E4009F6F51 /* ChainMapper.m */,
				50938CE81CA345E4009F6F51 /* ErrorIfMapper.h */,
				50938CE91CA345E4009F6F51 /* ErrorIfMapper.m */,
				50938CE41CA345E4009F6F51 /* ManagedObjectMapper.h */,
				50938CE51CA345E4009F6F51 /* ManagedObjectMapper.m */,
				50938CE01CA345E4009F6F51 /* Mapper.h */,
				50938CE11CA345E4009F6F51 /* Mapper.m */,
				50938CEE1CA345E4009F6F51 /* OptionalMapper.h */,
				50938CEF1CA345E4009F6F51 /* OptionalMapper.m */,
				500C97A31CA5607F0021FDAC /* SetMapper.h */,
				500C97A41CA5607F0021FDAC /* SetMapper.m */,
				50938CE21CA345E4009F6F51 /* StringToNumberMapper.h */,
				50938CE31CA345E4009F6F51 /* StringToNumberMapper.m */,
			);
			path = Generic;
			sourceTree = "<group>";
		};
		50938CFC1CA35508009F6F51 /* Domain Specific */ = {
			isa = PBXGroup;
			children = (
				500C97A01CA49E470021FDAC /* ContactParser.h */,
				500C97A11CA49E470021FDAC /* ContactParser.m */,
				50938CFD1CA35526009F6F51 /* MessageParser.h */,
				50938CFE1CA35526009F6F51 /* MessageParser.m */,
			);
			path = "Domain Specific";
			sourceTree = "<group>";
		};
		50938D001CA35563009F6F51 /* API */ = {
			isa = PBXGroup;
			children = (
				50938D021CA3558C009F6F51 /* Domain Specific */,
				504DB8401C9FF70B00A76D61 /* APIClient.h */,
				504DB8411C9FF70B00A76D61 /* APIClient.m */,
				504DB8481CA05B4400A76D61 /* InVisionJSONResponseSerializer.h */,
				504DB8491CA05B4400A76D61 /* InVisionJSONResponseSerializer.m */,
			);
			path = API;
			sourceTree = "<group>";
		};
		50938D021CA3558C009F6F51 /* Domain Specific */ = {
			isa = PBXGroup;
			children = (
				504DB8451CA021FA00A76D61 /* MessageService.h */,
				504DB8461CA021FA00A76D61 /* MessageService.m */,
			);
			path = "Domain Specific";
			sourceTree = "<group>";
		};
		50AFC4771C9ABCFE00434DCC /* Appearance */ = {
			isa = PBXGroup;
			children = (
				50AFC4781C9ABD2A00434DCC /* UIColor+ApplicationSpecific.h */,
				50AFC4791C9ABD2A00434DCC /* UIColor+ApplicationSpecific.m */,
				50AFC4B71C9C0A9400434DCC /* UINavigationBar+CustomHeight.h */,
				50AFC4B81C9C0A9400434DCC /* UINavigationBar+CustomHeight.m */,
			);
			path = Appearance;
			sourceTree = "<group>";
		};
		50AFC47B1C9ABDC800434DCC /* Categories */ = {
			isa = PBXGroup;
			children = (
				500C97BB1CA82DFB0021FDAC /* NSDate+Utils.h */,
				500C97BC1CA82DFB0021FDAC /* NSDate+Utils.m */,
				504DB84B1CA06C0E00A76D61 /* NSDictionary+Parsing.h */,
				504DB84C1CA06C0E00A76D61 /* NSDictionary+Parsing.m */,
				504DB84E1CA0812A00A76D61 /* NSManagedObject+CustomInit.h */,
				504DB84F1CA0812A00A76D61 /* NSManagedObject+CustomInit.m */,
				50938D081CA3EA10009F6F51 /* NSManagedObject+SafeMapping.h */,
				50938D091CA3EA10009F6F51 /* NSManagedObject+SafeMapping.m */,
				50938D051CA3D65D009F6F51 /* NSString+Emptiness.h */,
				50938D061CA3D65D009F6F51 /* NSString+Emptiness.m */,
				50AFC47C1C9ABDDB00434DCC /* UIColor+Hex.h */,
				50AFC47D1C9ABDDB00434DCC /* UIColor+Hex.m */,
				50AFC4B11C9B659100434DCC /* UIImage+TemplateImage.h */,
				50AFC4B21C9B659100434DCC /* UIImage+TemplateImage.m */,
				50AFC4B41C9B677500434DCC /* UIImageView+RoundedRectangle.h */,
				50AFC4B51C9B677500434DCC /* UIImageView+RoundedRectangle.m */,
				50AFC49A1C9AEE3D00434DCC /* UITableViewCell+ReuseIdentifier.h */,
				50AFC49B1C9AEE3D00434DCC /* UITableViewCell+ReuseIdentifier.m */,
				50AFC4A71C9B279D00434DCC /* UITableViewHeaderFooterView+ReuseIdentifier.h */,
				50AFC4A81C9B279D00434DCC /* UITableViewHeaderFooterView+ReuseIdentifier.m */,
				504DB8521CA088B400A76D61 /* UIViewController+CoreDataStack.h */,
				504DB8531CA088B400A76D61 /* UIViewController+CoreDataStack.m */,
				500C97DF1CA891BC0021FDAC /* NSString+Crypto.h */,
				500C97E01CA891BC0021FDAC /* NSString+Crypto.m */,
			);
			path = Categories;
			sourceTree = "<group>";
		};
		50AFC4801C9AD41F00434DCC /* Cell */ = {
			isa = PBXGroup;
			children = (
				500C97B61CA5ED310021FDAC /* InboxTableViewCell.h */,
				500C97B71CA5ED310021FDAC /* InboxTableViewCell.m */,
				50AFC4871C9AD48800434DCC /* MenuTableViewCell.h */,
				50AFC4881C9AD48800434DCC /* MenuTableViewCell.m */,
				500C97D31CA87DE40021FDAC /* MessageDetailAttachmentFooterView.h */,
				500C97D41CA87DE40021FDAC /* MessageDetailAttachmentFooterView.m */,
				500C97CD1CA861AA0021FDAC /* MessageDetailBottomView.h */,
				500C97CE1CA861AA0021FDAC /* MessageDetailBottomView.m */,
				500C97CA1CA8619B0021FDAC /* MessageDetailHeaderView.h */,
				500C97CB1CA8619B0021FDAC /* MessageDetailHeaderView.m */,
				500C97C11CA860180021FDAC /* MessageDetailTableViewCell.h */,
				500C97C21CA860180021FDAC /* MessageDetailTableViewCell.m */,
			);
			path = Cell;
			sourceTree = "<group>";
		};
		50AFC48E1C9AE66800434DCC /* Menu */ = {
			isa = PBXGroup;
			children = (
				50AFC48B1C9AE65A00434DCC /* MenuDataSource.h */,
				50AFC48C1C9AE65A00434DCC /* MenuDataSource.m */,
				508392021C998D8D003514EF /* MenuViewController.h */,
				508392031C998D8D003514EF /* MenuViewController.m */,
			);
			path = Menu;
			sourceTree = "<group>";
		};
		50AFC48F1C9AE66D00434DCC /* Inbox */ = {
			isa = PBXGroup;
			children = (
				500C97B01CA5E29E0021FDAC /* InboxDataSource.h */,
				500C97B11CA5E29E0021FDAC /* InboxDataSource.m */,
				508391FF1C998D80003514EF /* InboxViewController.h */,
				508392001C998D80003514EF /* InboxViewController.m */,
				500C97BE1CA858040021FDAC /* MessageDetailViewController.h */,
				500C97BF1CA858040021FDAC /* MessageDetailViewController.m */,
				500C97D61CA880EE0021FDAC /* MessageDetailDataSource.h */,
				500C97D71CA880EE0021FDAC /* MessageDetailDataSource.m */,
			);
			path = Inbox;
			sourceTree = "<group>";
		};
		50AFC4911C9AE6A400434DCC /* Container */ = {
			isa = PBXGroup;
			children = (
				5083920A1C999FD3003514EF /* ContentNavigationController.h */,
				5083920B1C999FD3003514EF /* ContentNavigationController.m */,
				50AFC4721C9AB0A000434DCC /* CustomSplitController.h */,
				50AFC4731C9AB0A000434DCC /* CustomSplitController.m */,
				508391FC1C998C47003514EF /* MainContainerViewController.h */,
				508391FD1C998C47003514EF /* MainContainerViewController.m */,
			);
			path = Container;
			sourceTree = "<group>";
		};
		50AFC49D1C9B242F00434DCC /* Header */ = {
			isa = PBXGroup;
			children = (
				50AFC4A41C9B25D300434DCC /* MenuSectionHeaderView.h */,
				50AFC4A51C9B25D300434DCC /* MenuSectionHeaderView.m */,
				50AFC4AA1C9B309500434DCC /* MenuSectionHeaderView.xib */,
			);
			path = Header;
			sourceTree = "<group>";
		};
		50AFC4E01C9EFC9900434DCC /* Entity */ = {
			isa = PBXGroup;
			children = (
				504DB82B1C9F119000A76D61 /* Contact+CoreDataProperties.h */,
				504DB82C1C9F119000A76D61 /* Contact+CoreDataProperties.m */,
				504DB82D1C9F119000A76D61 /* Contact.h */,
				504DB82E1C9F119000A76D61 /* Contact.m */,
				504DB8231C9F119000A76D61 /* Group+CoreDataProperties.h */,
				504DB8241C9F119000A76D61 /* Group+CoreDataProperties.m */,
				504DB8251C9F119000A76D61 /* Group.h */,
				504DB8261C9F119000A76D61 /* Group.m */,
				504DB81F1C9F119000A76D61 /* Mark+CoreDataProperties.h */,
				504DB8201C9F119000A76D61 /* Mark+CoreDataProperties.m */,
				504DB8211C9F119000A76D61 /* Mark.h */,
				504DB8221C9F119000A76D61 /* Mark.m */,
				504DB82F1C9F119000A76D61 /* Message+CoreDataProperties.h */,
				504DB8301C9F119000A76D61 /* Message+CoreDataProperties.m */,
				504DB8311C9F119000A76D61 /* Message.h */,
				504DB8321C9F119000A76D61 /* Message.m */,
			);
			path = Entity;
			sourceTree = "<group>";
		};
		A9BB965F1C7C32D7C18BD6BD /* Frameworks */ = {
			isa = PBXGroup;
			children = (
				FA9B7F2F150C1E1D7BBA0697 /* libPods-MailByInVision.a */,
			);
			name = Frameworks;
			sourceTree = "<group>";
		};
/* End PBXGroup section */

/* Begin PBXNativeTarget section */
		508391CD1C98667E003514EF /* MailByInVision */ = {
			isa = PBXNativeTarget;
			buildConfigurationList = 508391EB1C98667E003514EF /* Build configuration list for PBXNativeTarget "MailByInVision" */;
			buildPhases = (
				556FA61723F0AB627CD58E21 /* Check Pods Manifest.lock */,
				508391CA1C98667E003514EF /* Sources */,
				508391CB1C98667E003514EF /* Frameworks */,
				508391CC1C98667E003514EF /* Resources */,
				EC4C61449501BA02D88101F9 /* Embed Pods Frameworks */,
				4D84DC16373A38B03CFB2021 /* Copy Pods Resources */,
			);
			buildRules = (
			);
			dependencies = (
			);
			name = MailByInVision;
			productName = MailByInVision;
			productReference = 508391CE1C98667E003514EF /* MailByInVision.app */;
			productType = "com.apple.product-type.application";
		};
/* End PBXNativeTarget section */

/* Begin PBXProject section */
		508391C61C98667D003514EF /* Project object */ = {
			isa = PBXProject;
			attributes = {
				LastUpgradeCheck = 0720;
				ORGANIZATIONNAME = "Michal Kalis";
				TargetAttributes = {
					508391CD1C98667E003514EF = {
						CreatedOnToolsVersion = 7.2.1;
					};
				};
			};
			buildConfigurationList = 508391C91C98667E003514EF /* Build configuration list for PBXProject "MailByInVision" */;
			compatibilityVersion = "Xcode 3.2";
			developmentRegion = English;
			hasScannedForEncodings = 0;
			knownRegions = (
				en,
				Base,
			);
			mainGroup = 508391C51C98667D003514EF;
			productRefGroup = 508391CF1C98667E003514EF /* Products */;
			projectDirPath = "";
			projectRoot = "";
			targets = (
				508391CD1C98667E003514EF /* MailByInVision */,
			);
		};
/* End PBXProject section */

/* Begin PBXResourcesBuildPhase section */
		508391CC1C98667E003514EF /* Resources */ = {
			isa = PBXResourcesBuildPhase;
			buildActionMask = 2147483647;
			files = (
				508391E71C98667E003514EF /* LaunchScreen.storyboard in Resources */,
				50AFC4BB1C9D460D00434DCC /* Other.storyboard in Resources */,
				5083920E1C99A214003514EF /* Main.storyboard in Resources */,
				508391E41C98667E003514EF /* Assets.xcassets in Resources */,
				50AFC4761C9AB2FA00434DCC /* Main_iPad.storyboard in Resources */,
				508391E21C98667E003514EF /* Inbox.storyboard in Resources */,
				508392061C998F02003514EF /* Menu.storyboard in Resources */,
				50AFC4AB1C9B309500434DCC /* MenuSectionHeaderView.xib in Resources */,
			);
			runOnlyForDeploymentPostprocessing = 0;
		};
/* End PBXResourcesBuildPhase section */

/* Begin PBXShellScriptBuildPhase section */
		4D84DC16373A38B03CFB2021 /* Copy Pods Resources */ = {
			isa = PBXShellScriptBuildPhase;
			buildActionMask = 2147483647;
			files = (
			);
			inputPaths = (
			);
			name = "Copy Pods Resources";
			outputPaths = (
			);
			runOnlyForDeploymentPostprocessing = 0;
			shellPath = /bin/sh;
			shellScript = "\"${SRCROOT}/Pods/Target Support Files/Pods-MailByInVision/Pods-MailByInVision-resources.sh\"\n";
			showEnvVarsInLog = 0;
		};
		556FA61723F0AB627CD58E21 /* Check Pods Manifest.lock */ = {
			isa = PBXShellScriptBuildPhase;
			buildActionMask = 2147483647;
			files = (
			);
			inputPaths = (
			);
			name = "Check Pods Manifest.lock";
			outputPaths = (
			);
			runOnlyForDeploymentPostprocessing = 0;
			shellPath = /bin/sh;
			shellScript = "diff \"${PODS_ROOT}/../Podfile.lock\" \"${PODS_ROOT}/Manifest.lock\" > /dev/null\nif [[ $? != 0 ]] ; then\n    cat << EOM\nerror: The sandbox is not in sync with the Podfile.lock. Run 'pod install' or update your CocoaPods installation.\nEOM\n    exit 1\nfi\n";
			showEnvVarsInLog = 0;
		};
		EC4C61449501BA02D88101F9 /* Embed Pods Frameworks */ = {
			isa = PBXShellScriptBuildPhase;
			buildActionMask = 2147483647;
			files = (
			);
			inputPaths = (
			);
			name = "Embed Pods Frameworks";
			outputPaths = (
			);
			runOnlyForDeploymentPostprocessing = 0;
			shellPath = /bin/sh;
			shellScript = "\"${SRCROOT}/Pods/Target Support Files/Pods-MailByInVision/Pods-MailByInVision-frameworks.sh\"\n";
			showEnvVarsInLog = 0;
		};
/* End PBXShellScriptBuildPhase section */

/* Begin PBXSourcesBuildPhase section */
		508391CA1C98667E003514EF /* Sources */ = {
			isa = PBXSourcesBuildPhase;
			buildActionMask = 2147483647;
			files = (
				50AFC4A61C9B25D300434DCC /* MenuSectionHeaderView.m in Sources */,
				50938CF31CA345E4009F6F51 /* StringToNumberMapper.m in Sources */,
				50938CF81CA345E4009F6F51 /* ChainMapper.m in Sources */,
				500C97D21CA863D60021FDAC /* SeparatorLine.m in Sources */,
				500C97B21CA5E29E0021FDAC /* InboxDataSource.m in Sources */,
				504DB8471CA021FA00A76D61 /* MessageService.m in Sources */,
				508391FE1C998C47003514EF /* MainContainerViewController.m in Sources */,
				50AFC47E1C9ABDDB00434DCC /* UIColor+Hex.m in Sources */,
				504DB83A1C9F119000A76D61 /* Contact.m in Sources */,
				500C97A51CA5607F0021FDAC /* SetMapper.m in Sources */,
				508391D61C98667E003514EF /* AppDelegate.m in Sources */,
				50AFC47A1C9ABD2A00434DCC /* UIColor+ApplicationSpecific.m in Sources */,
				50938CF51CA345E4009F6F51 /* ArrayMapper.m in Sources */,
				50938CF91CA345E4009F6F51 /* OptionalMapper.m in Sources */,
				50938D071CA3D65E009F6F51 /* NSString+Emptiness.m in Sources */,
				504DB83C1C9F119000A76D61 /* Message.m in Sources */,
				508391D31C98667E003514EF /* main.m in Sources */,
				500C97CC1CA8619B0021FDAC /* MessageDetailHeaderView.m in Sources */,
				500C97BD1CA82DFB0021FDAC /* NSDate+Utils.m in Sources */,
				508391D91C98667E003514EF /* MailByInVision.xcdatamodeld in Sources */,
				504DB83B1C9F119000A76D61 /* Message+CoreDataProperties.m in Sources */,
				508392041C998D8D003514EF /* MenuViewController.m in Sources */,
				50938D0A1CA3EA10009F6F51 /* NSManagedObject+SafeMapping.m in Sources */,
				50938CFF1CA35526009F6F51 /* MessageParser.m in Sources */,
				504DB8341C9F119000A76D61 /* Mark.m in Sources */,
				50AFC49C1C9AEE3D00434DCC /* UITableViewCell+ReuseIdentifier.m in Sources */,
				50938CF21CA345E4009F6F51 /* Mapper.m in Sources */,
				500C97CF1CA861AA0021FDAC /* MessageDetailBottomView.m in Sources */,
				500C97AF1CA5D9670021FDAC /* DataProviderUpdate.m in Sources */,
				500C97DE1CA891610021FDAC /* ImageCache.m in Sources */,
				500C97A91CA5D2B10021FDAC /* FetchedResultsDataProvider.m in Sources */,
				500C97C01CA858040021FDAC /* MessageDetailViewController.m in Sources */,
				504DB8501CA0812A00A76D61 /* NSManagedObject+CustomInit.m in Sources */,
				508391FB1C988E10003514EF /* CoreDataStack.m in Sources */,
				50AFC4B91C9C0A9400434DCC /* UINavigationBar+CustomHeight.m in Sources */,
				504DB84A1CA05B4400A76D61 /* InVisionJSONResponseSerializer.m in Sources */,
				504DB8351C9F119000A76D61 /* Group+CoreDataProperties.m in Sources */,
				50938CF41CA345E4009F6F51 /* ManagedObjectMapper.m in Sources */,
				508392011C998D80003514EF /* InboxViewController.m in Sources */,
				504DB8391C9F119000A76D61 /* Contact+CoreDataProperties.m in Sources */,
				500C97E11CA891BC0021FDAC /* NSString+Crypto.m in Sources */,
				500C97B81CA5ED310021FDAC /* InboxTableViewCell.m in Sources */,
				5083920C1C999FD3003514EF /* ContentNavigationController.m in Sources */,
				504DB8361C9F119000A76D61 /* Group.m in Sources */,
				50AFC4891C9AD48800434DCC /* MenuTableViewCell.m in Sources */,
				504DB8541CA088B400A76D61 /* UIViewController+CoreDataStack.m in Sources */,
				50AFC4A91C9B279D00434DCC /* UITableViewHeaderFooterView+ReuseIdentifier.m in Sources */,
				50AFC4741C9AB0A000434DCC /* CustomSplitController.m in Sources */,
				504DB84D1CA06C0E00A76D61 /* NSDictionary+Parsing.m in Sources */,
				500C97C31CA860180021FDAC /* MessageDetailTableViewCell.m in Sources */,
				50AFC4B61C9B677500434DCC /* UIImageView+RoundedRectangle.m in Sources */,
				504DB8331C9F119000A76D61 /* Mark+CoreDataProperties.m in Sources */,
				50AFC4C11C9D51AB00434DCC /* WindowWithStatusBar.m in Sources */,
				50AFC48D1C9AE65A00434DCC /* MenuDataSource.m in Sources */,
				500C97D51CA87DE40021FDAC /* MessageDetailAttachmentFooterView.m in Sources */,
				500C97A21CA49E470021FDAC /* ContactParser.m in Sources */,
				50AFC4B31C9B659100434DCC /* UIImage+TemplateImage.m in Sources */,
				504DB8421C9FF70B00A76D61 /* APIClient.m in Sources */,
				50938CF61CA345E4009F6F51 /* ErrorIfMapper.m in Sources */,
				500C97D81CA880EE0021FDAC /* MessageDetailDataSource.m in Sources */,
			);
			runOnlyForDeploymentPostprocessing = 0;
		};
/* End PBXSourcesBuildPhase section */

/* Begin PBXVariantGroup section */
		508391E01C98667E003514EF /* Inbox.storyboard */ = {
			isa = PBXVariantGroup;
			children = (
				508391E11C98667E003514EF /* Base */,
			);
			name = Inbox.storyboard;
			path = .;
			sourceTree = "<group>";
		};
		508391E51C98667E003514EF /* LaunchScreen.storyboard */ = {
			isa = PBXVariantGroup;
			children = (
				508391E61C98667E003514EF /* Base */,
			);
			name = LaunchScreen.storyboard;
			path = .;
			sourceTree = "<group>";
		};
/* End PBXVariantGroup section */

/* Begin XCBuildConfiguration section */
		508391E91C98667E003514EF /* Debug */ = {
			isa = XCBuildConfiguration;
			buildSettings = {
				ALWAYS_SEARCH_USER_PATHS = NO;
				CLANG_CXX_LANGUAGE_STANDARD = "gnu++0x";
				CLANG_CXX_LIBRARY = "libc++";
				CLANG_ENABLE_MODULES = YES;
				CLANG_ENABLE_OBJC_ARC = YES;
				CLANG_WARN_BOOL_CONVERSION = YES;
				CLANG_WARN_CONSTANT_CONVERSION = YES;
				CLANG_WARN_DIRECT_OBJC_ISA_USAGE = YES_ERROR;
				CLANG_WARN_EMPTY_BODY = YES;
				CLANG_WARN_ENUM_CONVERSION = YES;
				CLANG_WARN_INT_CONVERSION = YES;
				CLANG_WARN_OBJC_ROOT_CLASS = YES_ERROR;
				CLANG_WARN_UNREACHABLE_CODE = YES;
				CLANG_WARN__DUPLICATE_METHOD_MATCH = YES;
				"CODE_SIGN_IDENTITY[sdk=iphoneos*]" = "iPhone Developer";
				COPY_PHASE_STRIP = NO;
				DEBUG_INFORMATION_FORMAT = dwarf;
				ENABLE_STRICT_OBJC_MSGSEND = YES;
				ENABLE_TESTABILITY = YES;
				GCC_C_LANGUAGE_STANDARD = gnu99;
				GCC_DYNAMIC_NO_PIC = NO;
				GCC_NO_COMMON_BLOCKS = YES;
				GCC_OPTIMIZATION_LEVEL = 0;
				GCC_PREPROCESSOR_DEFINITIONS = (
					"DEBUG=1",
					"$(inherited)",
				);
				GCC_WARN_64_TO_32_BIT_CONVERSION = YES;
				GCC_WARN_ABOUT_RETURN_TYPE = YES_ERROR;
				GCC_WARN_UNDECLARED_SELECTOR = YES;
				GCC_WARN_UNINITIALIZED_AUTOS = YES_AGGRESSIVE;
				GCC_WARN_UNUSED_FUNCTION = YES;
				GCC_WARN_UNUSED_VARIABLE = YES;
				IPHONEOS_DEPLOYMENT_TARGET = 8.0;
				MTL_ENABLE_DEBUG_INFO = YES;
				ONLY_ACTIVE_ARCH = YES;
				SDKROOT = iphoneos;
				TARGETED_DEVICE_FAMILY = "1,2";
			};
			name = Debug;
		};
		508391EA1C98667E003514EF /* Release */ = {
			isa = XCBuildConfiguration;
			buildSettings = {
				ALWAYS_SEARCH_USER_PATHS = NO;
				CLANG_CXX_LANGUAGE_STANDARD = "gnu++0x";
				CLANG_CXX_LIBRARY = "libc++";
				CLANG_ENABLE_MODULES = YES;
				CLANG_ENABLE_OBJC_ARC = YES;
				CLANG_WARN_BOOL_CONVERSION = YES;
				CLANG_WARN_CONSTANT_CONVERSION = YES;
				CLANG_WARN_DIRECT_OBJC_ISA_USAGE = YES_ERROR;
				CLANG_WARN_EMPTY_BODY = YES;
				CLANG_WARN_ENUM_CONVERSION = YES;
				CLANG_WARN_INT_CONVERSION = YES;
				CLANG_WARN_OBJC_ROOT_CLASS = YES_ERROR;
				CLANG_WARN_UNREACHABLE_CODE = YES;
				CLANG_WARN__DUPLICATE_METHOD_MATCH = YES;
				"CODE_SIGN_IDENTITY[sdk=iphoneos*]" = "iPhone Developer";
				COPY_PHASE_STRIP = NO;
				DEBUG_INFORMATION_FORMAT = "dwarf-with-dsym";
				ENABLE_NS_ASSERTIONS = NO;
				ENABLE_STRICT_OBJC_MSGSEND = YES;
				GCC_C_LANGUAGE_STANDARD = gnu99;
				GCC_NO_COMMON_BLOCKS = YES;
				GCC_WARN_64_TO_32_BIT_CONVERSION = YES;
				GCC_WARN_ABOUT_RETURN_TYPE = YES_ERROR;
				GCC_WARN_UNDECLARED_SELECTOR = YES;
				GCC_WARN_UNINITIALIZED_AUTOS = YES_AGGRESSIVE;
				GCC_WARN_UNUSED_FUNCTION = YES;
				GCC_WARN_UNUSED_VARIABLE = YES;
				IPHONEOS_DEPLOYMENT_TARGET = 8.0;
				MTL_ENABLE_DEBUG_INFO = NO;
				SDKROOT = iphoneos;
				TARGETED_DEVICE_FAMILY = "1,2";
				VALIDATE_PRODUCT = YES;
			};
			name = Release;
		};
		508391EC1C98667E003514EF /* Debug */ = {
			isa = XCBuildConfiguration;
			baseConfigurationReference = 363B50377672AABB4FCC4A75 /* Pods-MailByInVision.debug.xcconfig */;
			buildSettings = {
				ASSETCATALOG_COMPILER_APPICON_NAME = AppIcon;
				GCC_PRECOMPILE_PREFIX_HEADER = YES;
				GCC_PREFIX_HEADER = "MailByInVision/Supporting Files/MailByInVision-Prefix.pch";
				INFOPLIST_FILE = "MailByInVision/Supporting Files/Info.plist";
				IPHONEOS_DEPLOYMENT_TARGET = 8.0;
				LD_RUNPATH_SEARCH_PATHS = "$(inherited) @executable_path/Frameworks";
				PRODUCT_BUNDLE_IDENTIFIER = com.michalkalis.MailByInVision;
				PRODUCT_NAME = "$(TARGET_NAME)";
			};
			name = Debug;
		};
		508391ED1C98667E003514EF /* Release */ = {
			isa = XCBuildConfiguration;
			baseConfigurationReference = 3CDCB3B9D0FABEAA90C07C31 /* Pods-MailByInVision.release.xcconfig */;
			buildSettings = {
				ASSETCATALOG_COMPILER_APPICON_NAME = AppIcon;
				GCC_PRECOMPILE_PREFIX_HEADER = YES;
				GCC_PREFIX_HEADER = "MailByInVision/Supporting Files/MailByInVision-Prefix.pch";
				INFOPLIST_FILE = "MailByInVision/Supporting Files/Info.plist";
				IPHONEOS_DEPLOYMENT_TARGET = 8.0;
				LD_RUNPATH_SEARCH_PATHS = "$(inherited) @executable_path/Frameworks";
				PRODUCT_BUNDLE_IDENTIFIER = com.michalkalis.MailByInVision;
				PRODUCT_NAME = "$(TARGET_NAME)";
			};
			name = Release;
		};
/* End XCBuildConfiguration section */

/* Begin XCConfigurationList section */
		508391C91C98667E003514EF /* Build configuration list for PBXProject "MailByInVision" */ = {
			isa = XCConfigurationList;
			buildConfigurations = (
				508391E91C98667E003514EF /* Debug */,
				508391EA1C98667E003514EF /* Release */,
			);
			defaultConfigurationIsVisible = 0;
			defaultConfigurationName = Release;
		};
		508391EB1C98667E003514EF /* Build configuration list for PBXNativeTarget "MailByInVision" */ = {
			isa = XCConfigurationList;
			buildConfigurations = (
				508391EC1C98667E003514EF /* Debug */,
				508391ED1C98667E003514EF /* Release */,
			);
			defaultConfigurationIsVisible = 0;
			defaultConfigurationName = Release;
		};
/* End XCConfigurationList section */

/* Begin XCVersionGroup section */
		508391D71C98667E003514EF /* MailByInVision.xcdatamodeld */ = {
			isa = XCVersionGroup;
			children = (
				508391D81C98667E003514EF /* MailByInVision.xcdatamodel */,
			);
			currentVersion = 508391D81C98667E003514EF /* MailByInVision.xcdatamodel */;
			path = MailByInVision.xcdatamodeld;
			sourceTree = "<group>";
			versionGroupType = wrapper.xcdatamodel;
		};
/* End XCVersionGroup section */
	};
	rootObject = 508391C61C98667D003514EF /* Project object */;
}
